
Microsoft Visual Studio Solution File, Format Version 12.00
# Visual Studio Version 16
VisualStudioVersion = 16.0.31911.196
MinimumVisualStudioVersion = 10.0.40219.1
Project("{FAE04EC0-301F-11D3-BF4B-00C04F79EFBC}") = "Maas_karsilastirma_örnek1", "Maas_karsilastirma_örnek1\Maas_karsilastirma_örnek1.csproj", "{EFED9A3F-6139-493D-A51A-05FA614B20E2}"
EndProject
Global
	GlobalSection(SolutionConfigurationPlatforms) = preSolution
		Debug|Any CPU = Debug|Any CPU
		Release|Any CPU = Release|Any CPU
	EndGlobalSection
	GlobalSection(ProjectConfigurationPlatforms) = postSolution
		{EFED9A3F-6139-493D-A51A-05FA614B20E2}.Debug|Any CPU.ActiveCfg = Debug|Any CPU
		{EFED9A3F-6139-493D-A51A-05FA614B20E2}.Debug|Any CPU.Build.0 = Debug|Any CPU
		{EFED9A3F-6139-493D-A51A-05FA614B20E2}.Release|Any CPU.ActiveCfg = Release|Any CPU
		{EFED9A3F-6139-493D-A51A-05FA614B20E2}.Release|Any CPU.Build.0 = Release|Any CPU
	EndGlobalSection
	GlobalSection(SolutionProperties) = preSolution
		HideSolutionNode = FALSE
	EndGlobalSection
	GlobalSection(ExtensibilityGlobals) = postSolution
		SolutionGuid = {CDEB270A-7834-44FA-B577-0D3F7CCEFF6D}
	EndGlobalSection
EndGlobal
