
Microsoft Visual Studio Solution File, Format Version 12.00
# Visual Studio Version 16
VisualStudioVersion = 16.0.31911.196
MinimumVisualStudioVersion = 10.0.40219.1
Project("{FAE04EC0-301F-11D3-BF4B-00C04F79EFBC}") = "Kütüphane_otomasyon_acces_bagıntılı", "Kütüphane_otomasyon_acces_bagıntılı.csproj", "{21B2D68F-9397-447A-8BCA-C016E6B5673D}"
EndProject
Global
	GlobalSection(SolutionConfigurationPlatforms) = preSolution
		Debug|Any CPU = Debug|Any CPU
		Release|Any CPU = Release|Any CPU
	EndGlobalSection
	GlobalSection(ProjectConfigurationPlatforms) = postSolution
		{21B2D68F-9397-447A-8BCA-C016E6B5673D}.Debug|Any CPU.ActiveCfg = Debug|Any CPU
		{21B2D68F-9397-447A-8BCA-C016E6B5673D}.Debug|Any CPU.Build.0 = Debug|Any CPU
		{21B2D68F-9397-447A-8BCA-C016E6B5673D}.Release|Any CPU.ActiveCfg = Release|Any CPU
		{21B2D68F-9397-447A-8BCA-C016E6B5673D}.Release|Any CPU.Build.0 = Release|Any CPU
	EndGlobalSection
	GlobalSection(SolutionProperties) = preSolution
		HideSolutionNode = FALSE
	EndGlobalSection
	GlobalSection(ExtensibilityGlobals) = postSolution
		SolutionGuid = {C698D02E-B7D7-4F50-B868-7ACA91074355}
	EndGlobalSection
EndGlobal
