
Microsoft Visual Studio Solution File, Format Version 12.00
# Visual Studio Version 16
VisualStudioVersion = 16.0.31911.196
MinimumVisualStudioVersion = 10.0.40219.1
Project("{FAE04EC0-301F-11D3-BF4B-00C04F79EFBC}") = "ör_dikdörtgen_alancevre", "ör_dikdörtgen_alancevre\ör_dikdörtgen_alancevre.csproj", "{760AE896-400A-47AA-BC4B-B385EDF0D549}"
EndProject
Global
	GlobalSection(SolutionConfigurationPlatforms) = preSolution
		Debug|Any CPU = Debug|Any CPU
		Release|Any CPU = Release|Any CPU
	EndGlobalSection
	GlobalSection(ProjectConfigurationPlatforms) = postSolution
		{760AE896-400A-47AA-BC4B-B385EDF0D549}.Debug|Any CPU.ActiveCfg = Debug|Any CPU
		{760AE896-400A-47AA-BC4B-B385EDF0D549}.Debug|Any CPU.Build.0 = Debug|Any CPU
		{760AE896-400A-47AA-BC4B-B385EDF0D549}.Release|Any CPU.ActiveCfg = Release|Any CPU
		{760AE896-400A-47AA-BC4B-B385EDF0D549}.Release|Any CPU.Build.0 = Release|Any CPU
	EndGlobalSection
	GlobalSection(SolutionProperties) = preSolution
		HideSolutionNode = FALSE
	EndGlobalSection
	GlobalSection(ExtensibilityGlobals) = postSolution
		SolutionGuid = {32DE4177-D936-41F9-A642-3FA6945CC935}
	EndGlobalSection
EndGlobal
