
Microsoft Visual Studio Solution File, Format Version 12.00
# Visual Studio Version 16
VisualStudioVersion = 16.0.31911.196
MinimumVisualStudioVersion = 10.0.40219.1
Project("{FAE04EC0-301F-11D3-BF4B-00C04F79EFBC}") = "25-sifirdan_acces_veritabani_baglama", "25-sifirdan_acces_veritabani_baglama.csproj", "{8EF9A5F9-3C48-4BA4-B172-E8477E9C55A4}"
EndProject
Global
	GlobalSection(SolutionConfigurationPlatforms) = preSolution
		Debug|Any CPU = Debug|Any CPU
		Release|Any CPU = Release|Any CPU
	EndGlobalSection
	GlobalSection(ProjectConfigurationPlatforms) = postSolution
		{8EF9A5F9-3C48-4BA4-B172-E8477E9C55A4}.Debug|Any CPU.ActiveCfg = Debug|Any CPU
		{8EF9A5F9-3C48-4BA4-B172-E8477E9C55A4}.Debug|Any CPU.Build.0 = Debug|Any CPU
		{8EF9A5F9-3C48-4BA4-B172-E8477E9C55A4}.Release|Any CPU.ActiveCfg = Release|Any CPU
		{8EF9A5F9-3C48-4BA4-B172-E8477E9C55A4}.Release|Any CPU.Build.0 = Release|Any CPU
	EndGlobalSection
	GlobalSection(SolutionProperties) = preSolution
		HideSolutionNode = FALSE
	EndGlobalSection
	GlobalSection(ExtensibilityGlobals) = postSolution
		SolutionGuid = {81275F8C-F501-4DDB-BAE4-70061C7419C7}
	EndGlobalSection
EndGlobal
