
Microsoft Visual Studio Solution File, Format Version 12.00
# Visual Studio Version 16
VisualStudioVersion = 16.0.31911.196
MinimumVisualStudioVersion = 10.0.40219.1
Project("{FAE04EC0-301F-11D3-BF4B-00C04F79EFBC}") = "Asal_sayimi_örnek2", "Asal_sayimi_örnek2\Asal_sayimi_örnek2.csproj", "{1D87BE32-CF29-4396-9B2B-D850AB6BBC10}"
EndProject
Global
	GlobalSection(SolutionConfigurationPlatforms) = preSolution
		Debug|Any CPU = Debug|Any CPU
		Release|Any CPU = Release|Any CPU
	EndGlobalSection
	GlobalSection(ProjectConfigurationPlatforms) = postSolution
		{1D87BE32-CF29-4396-9B2B-D850AB6BBC10}.Debug|Any CPU.ActiveCfg = Debug|Any CPU
		{1D87BE32-CF29-4396-9B2B-D850AB6BBC10}.Debug|Any CPU.Build.0 = Debug|Any CPU
		{1D87BE32-CF29-4396-9B2B-D850AB6BBC10}.Release|Any CPU.ActiveCfg = Release|Any CPU
		{1D87BE32-CF29-4396-9B2B-D850AB6BBC10}.Release|Any CPU.Build.0 = Release|Any CPU
	EndGlobalSection
	GlobalSection(SolutionProperties) = preSolution
		HideSolutionNode = FALSE
	EndGlobalSection
	GlobalSection(ExtensibilityGlobals) = postSolution
		SolutionGuid = {E81056A2-FA5C-49B4-B73D-D91425F76CFA}
	EndGlobalSection
EndGlobal
